{
  "name": "tutorials",
  "version": "1.0.0",
  "lockfileVersion": 3,
  "requires": true,
  "packages": {
    "": {
      "name": "tutorials",
      "version": "1.0.0",
      "license": "ISC",
      "dependencies": {
        "@odoo/owl": "^2.2.10"
      }
    },
    "node_modules/@odoo/owl": {
      "version": "2.2.10",
      "resolved": "https://registry.npmjs.org/@odoo/owl/-/owl-2.2.10.tgz",
      "integrity": "sha512-93wrtl202UYVJMCrCZxi3AMcGyBslhVqxgldYEGxh+T6u6pt0Txi6uoBTY5hyXmGRB+zE1W15ZbYYlNWTE5MuQ==",
      "engines": {
        "node": ">=12.18.3"
      }
    }
  }
}
